// !$*UTF8*$!
{
	archiveVersion = 1;
	classes = {
	};
	objectVersion = 77;
	objects = {

/* Begin PBXBuildFile section */
		8D7EEFA52E2E465800214730 /* AppDelegate.swift in Sources */ = {isa = PBXBuildFile; fileRef = 8D7EEF9B2E2E465800214730 /* AppDelegate.swift */; };
		8D7EEFA62E2E465800214730 /* SceneDelegate.swift in Sources */ = {isa = PBXBuildFile; fileRef = 8D7EEFA22E2E465800214730 /* SceneDelegate.swift */; };
		8D7EEFA72E2E465800214730 /* ViewController.swift in Sources */ = {isa = PBXBuildFile; fileRef = 8D7EEFA32E2E465800214730 /* ViewController.swift */; };
		8D7EEFA82E2E465800214730 /* Assets.xcassets in Resources */ = {isa = PBXBuildFile; fileRef = 8D7EEF9C2E2E465800214730 /* Assets.xcassets */; };
		8D7EEFAA2E2E465800214730 /* LaunchScreen.storyboard in Resources */ = {isa = PBXBuildFile; fileRef = 8D7EEF9F2E2E465800214730 /* LaunchScreen.storyboard */; };
		8D7EEFAB2E2E465800214730 /* Main.storyboard in Resources */ = {isa = PBXBuildFile; fileRef = 8D7EEFA12E2E465800214730 /* Main.storyboard */; };
		8D7EEFAE2E2E465C00214730 /* StackOverflowTests.swift in Sources */ = {isa = PBXBuildFile; fileRef = 8D7EEFAC2E2E465C00214730 /* StackOverflowTests.swift */; };
		8D7EEFB22E2E465F00214730 /* StackOverflowUITests.swift in Sources */ = {isa = PBXBuildFile; fileRef = 8D7EEFAF2E2E465F00214730 /* StackOverflowUITests.swift */; };
		8D7EEFB32E2E465F00214730 /* StackOverflowUITestsLaunchTests.swift in Sources */ = {isa = PBXBuildFile; fileRef = 8D7EEFB02E2E465F00214730 /* StackOverflowUITestsLaunchTests.swift */; };
		8D7EEFB62E2E477C00214730 /* User.swift in Sources */ = {isa = PBXBuildFile; fileRef = 8D7EEFB52E2E477A00214730 /* User.swift */; };
		8D7EEFB82E2E47B000214730 /* UserResponse.swift in Sources */ = {isa = PBXBuildFile; fileRef = 8D7EEFB72E2E47AE00214730 /* UserResponse.swift */; };
		8D7EEFBB2E2E49C500214730 /* NetworkManagerProtocol.swift in Sources */ = {isa = PBXBuildFile; fileRef = 8D7EEFBA2E2E49C400214730 /* NetworkManagerProtocol.swift */; };
		8D7EEFBD2E2E49D600214730 /* NetworkManager.swift in Sources */ = {isa = PBXBuildFile; fileRef = 8D7EEFBC2E2E49D400214730 /* NetworkManager.swift */; };
		8D7EEFC02E2E4CC700214730 /* UserApiServiceProtocol.swift in Sources */ = {isa = PBXBuildFile; fileRef = 8D7EEFBF2E2E4CC500214730 /* UserApiServiceProtocol.swift */; };
		8D7EEFC22E2E4CE000214730 /* UserApiService.swift in Sources */ = {isa = PBXBuildFile; fileRef = 8D7EEFC12E2E4CDE00214730 /* UserApiService.swift */; };
		8D7EEFC52E2E4D0200214730 /* Constants.swift in Sources */ = {isa = PBXBuildFile; fileRef = 8D7EEFC42E2E4D0100214730 /* Constants.swift */; };
		8D7EEFC82E2E4D2F00214730 /* MockUserService.swift in Sources */ = {isa = PBXBuildFile; fileRef = 8D7EEFC72E2E4D2E00214730 /* MockUserService.swift */; };
/* End PBXBuildFile section */

/* Begin PBXContainerItemProxy section */
		8D7EEF7E2E2E465100214730 /* PBXContainerItemProxy */ = {
			isa = PBXContainerItemProxy;
			containerPortal = 8D7EEF5F2E2E465000214730 /* Project object */;
			proxyType = 1;
			remoteGlobalIDString = 8D7EEF662E2E465000214730;
			remoteInfo = StackOverflow;
		};
		8D7EEF882E2E465100214730 /* PBXContainerItemProxy */ = {
			isa = PBXContainerItemProxy;
			containerPortal = 8D7EEF5F2E2E465000214730 /* Project object */;
			proxyType = 1;
			remoteGlobalIDString = 8D7EEF662E2E465000214730;
			remoteInfo = StackOverflow;
		};
/* End PBXContainerItemProxy section */

/* Begin PBXFileReference section */
		8D7EEF672E2E465000214730 /* StackOverflow.app */ = {isa = PBXFileReference; explicitFileType = wrapper.application; includeInIndex = 0; path = StackOverflow.app; sourceTree = BUILT_PRODUCTS_DIR; };
		8D7EEF7D2E2E465100214730 /* StackOverflowTests.xctest */ = {isa = PBXFileReference; explicitFileType = wrapper.cfbundle; includeInIndex = 0; path = StackOverflowTests.xctest; sourceTree = BUILT_PRODUCTS_DIR; };
		8D7EEF872E2E465100214730 /* StackOverflowUITests.xctest */ = {isa = PBXFileReference; explicitFileType = wrapper.cfbundle; includeInIndex = 0; path = StackOverflowUITests.xctest; sourceTree = BUILT_PRODUCTS_DIR; };
		8D7EEF9B2E2E465800214730 /* AppDelegate.swift */ = {isa = PBXFileReference; lastKnownFileType = sourcecode.swift; path = AppDelegate.swift; sourceTree = "<group>"; };
		8D7EEF9C2E2E465800214730 /* Assets.xcassets */ = {isa = PBXFileReference; lastKnownFileType = folder.assetcatalog; path = Assets.xcassets; sourceTree = "<group>"; };
		8D7EEF9D2E2E465800214730 /* Info.plist */ = {isa = PBXFileReference; lastKnownFileType = text.plist.xml; path = Info.plist; sourceTree = "<group>"; };
		8D7EEF9E2E2E465800214730 /* Base */ = {isa = PBXFileReference; lastKnownFileType = file.storyboard; name = Base; path = Base.lproj/LaunchScreen.storyboard; sourceTree = "<group>"; };
		8D7EEFA02E2E465800214730 /* Base */ = {isa = PBXFileReference; lastKnownFileType = file.storyboard; name = Base; path = Base.lproj/Main.storyboard; sourceTree = "<group>"; };
		8D7EEFA22E2E465800214730 /* SceneDelegate.swift */ = {isa = PBXFileReference; lastKnownFileType = sourcecode.swift; path = SceneDelegate.swift; sourceTree = "<group>"; };
		8D7EEFA32E2E465800214730 /* ViewController.swift */ = {isa = PBXFileReference; lastKnownFileType = sourcecode.swift; path = ViewController.swift; sourceTree = "<group>"; };
		8D7EEFAC2E2E465C00214730 /* StackOverflowTests.swift */ = {isa = PBXFileReference; lastKnownFileType = sourcecode.swift; path = StackOverflowTests.swift; sourceTree = "<group>"; };
		8D7EEFAF2E2E465F00214730 /* StackOverflowUITests.swift */ = {isa = PBXFileReference; lastKnownFileType = sourcecode.swift; path = StackOverflowUITests.swift; sourceTree = "<group>"; };
		8D7EEFB02E2E465F00214730 /* StackOverflowUITestsLaunchTests.swift */ = {isa = PBXFileReference; lastKnownFileType = sourcecode.swift; path = StackOverflowUITestsLaunchTests.swift; sourceTree = "<group>"; };
		8D7EEFB52E2E477A00214730 /* User.swift */ = {isa = PBXFileReference; lastKnownFileType = sourcecode.swift; path = User.swift; sourceTree = "<group>"; };
		8D7EEFB72E2E47AE00214730 /* UserResponse.swift */ = {isa = PBXFileReference; lastKnownFileType = sourcecode.swift; path = UserResponse.swift; sourceTree = "<group>"; };
		8D7EEFBA2E2E49C400214730 /* NetworkManagerProtocol.swift */ = {isa = PBXFileReference; lastKnownFileType = sourcecode.swift; path = NetworkManagerProtocol.swift; sourceTree = "<group>"; };
		8D7EEFBC2E2E49D400214730 /* NetworkManager.swift */ = {isa = PBXFileReference; lastKnownFileType = sourcecode.swift; path = NetworkManager.swift; sourceTree = "<group>"; };
		8D7EEFBF2E2E4CC500214730 /* UserApiServiceProtocol.swift */ = {isa = PBXFileReference; lastKnownFileType = sourcecode.swift; path = UserApiServiceProtocol.swift; sourceTree = "<group>"; };
		8D7EEFC12E2E4CDE00214730 /* UserApiService.swift */ = {isa = PBXFileReference; lastKnownFileType = sourcecode.swift; path = UserApiService.swift; sourceTree = "<group>"; };
		8D7EEFC42E2E4D0100214730 /* Constants.swift */ = {isa = PBXFileReference; lastKnownFileType = sourcecode.swift; path = Constants.swift; sourceTree = "<group>"; };
		8D7EEFC72E2E4D2E00214730 /* MockUserService.swift */ = {isa = PBXFileReference; lastKnownFileType = sourcecode.swift; path = MockUserService.swift; sourceTree = "<group>"; };
/* End PBXFileReference section */

/* Begin PBXFrameworksBuildPhase section */
		8D7EEF642E2E465000214730 /* Frameworks */ = {
			isa = PBXFrameworksBuildPhase;
			buildActionMask = 2147483647;
			files = (
			);
			runOnlyForDeploymentPostprocessing = 0;
		};
		8D7EEF7A2E2E465100214730 /* Frameworks */ = {
			isa = PBXFrameworksBuildPhase;
			buildActionMask = 2147483647;
			files = (
			);
			runOnlyForDeploymentPostprocessing = 0;
		};
		8D7EEF842E2E465100214730 /* Frameworks */ = {
			isa = PBXFrameworksBuildPhase;
			buildActionMask = 2147483647;
			files = (
			);
			runOnlyForDeploymentPostprocessing = 0;
		};
/* End PBXFrameworksBuildPhase section */

/* Begin PBXGroup section */
		8D7EEF5E2E2E465000214730 = {
			isa = PBXGroup;
			children = (
				8D7EEFA42E2E465800214730 /* StackOverflow */,
				8D7EEFAD2E2E465C00214730 /* StackOverflowTests */,
				8D7EEFB12E2E465F00214730 /* StackOverflowUITests */,
				8D7EEF682E2E465000214730 /* Products */,
			);
			sourceTree = "<group>";
		};
		8D7EEF682E2E465000214730 /* Products */ = {
			isa = PBXGroup;
			children = (
				8D7EEF672E2E465000214730 /* StackOverflow.app */,
				8D7EEF7D2E2E465100214730 /* StackOverflowTests.xctest */,
				8D7EEF872E2E465100214730 /* StackOverflowUITests.xctest */,
			);
			name = Products;
			sourceTree = "<group>";
		};
		8D7EEFA42E2E465800214730 /* StackOverflow */ = {
			isa = PBXGroup;
			children = (
				8D7EEFC32E2E4CF700214730 /* Helpers */,
				8D7EEFBE2E2E4CB400214730 /* ApiService */,
				8D7EEFB92E2E49B600214730 /* Nerwork */,
				8D7EEFB42E2E476100214730 /* Models */,
				8D7EEF9B2E2E465800214730 /* AppDelegate.swift */,
				8D7EEF9C2E2E465800214730 /* Assets.xcassets */,
				8D7EEF9D2E2E465800214730 /* Info.plist */,
				8D7EEF9F2E2E465800214730 /* LaunchScreen.storyboard */,
				8D7EEFA12E2E465800214730 /* Main.storyboard */,
				8D7EEFA22E2E465800214730 /* SceneDelegate.swift */,
				8D7EEFA32E2E465800214730 /* ViewController.swift */,
			);
			path = StackOverflow;
			sourceTree = "<group>";
		};
		8D7EEFAD2E2E465C00214730 /* StackOverflowTests */ = {
			isa = PBXGroup;
			children = (
				8D7EEFC62E2E4D2100214730 /* Mocks */,
				8D7EEFAC2E2E465C00214730 /* StackOverflowTests.swift */,
			);
			path = StackOverflowTests;
			sourceTree = "<group>";
		};
		8D7EEFB12E2E465F00214730 /* StackOverflowUITests */ = {
			isa = PBXGroup;
			children = (
				8D7EEFAF2E2E465F00214730 /* StackOverflowUITests.swift */,
				8D7EEFB02E2E465F00214730 /* StackOverflowUITestsLaunchTests.swift */,
			);
			path = StackOverflowUITests;
			sourceTree = "<group>";
		};
		8D7EEFB42E2E476100214730 /* Models */ = {
			isa = PBXGroup;
			children = (
				8D7EEFB72E2E47AE00214730 /* UserResponse.swift */,
				8D7EEFB52E2E477A00214730 /* User.swift */,
			);
			path = Models;
			sourceTree = "<group>";
		};
		8D7EEFB92E2E49B600214730 /* Nerwork */ = {
			isa = PBXGroup;
			children = (
				8D7EEFBC2E2E49D400214730 /* NetworkManager.swift */,
				8D7EEFBA2E2E49C400214730 /* NetworkManagerProtocol.swift */,
			);
			path = Nerwork;
			sourceTree = "<group>";
		};
		8D7EEFBE2E2E4CB400214730 /* ApiService */ = {
			isa = PBXGroup;
			children = (
				8D7EEFC12E2E4CDE00214730 /* UserApiService.swift */,
				8D7EEFBF2E2E4CC500214730 /* UserApiServiceProtocol.swift */,
			);
			path = ApiService;
			sourceTree = "<group>";
		};
		8D7EEFC32E2E4CF700214730 /* Helpers */ = {
			isa = PBXGroup;
			children = (
				8D7EEFC42E2E4D0100214730 /* Constants.swift */,
			);
			path = Helpers;
			sourceTree = "<group>";
		};
		8D7EEFC62E2E4D2100214730 /* Mocks */ = {
			isa = PBXGroup;
			children = (
				8D7EEFC72E2E4D2E00214730 /* MockUserService.swift */,
			);
			path = Mocks;
			sourceTree = "<group>";
		};
/* End PBXGroup section */

/* Begin PBXNativeTarget section */
		8D7EEF662E2E465000214730 /* StackOverflow */ = {
			isa = PBXNativeTarget;
			buildConfigurationList = 8D7EEF902E2E465100214730 /* Build configuration list for PBXNativeTarget "StackOverflow" */;
			buildPhases = (
				8D7EEF632E2E465000214730 /* Sources */,
				8D7EEF642E2E465000214730 /* Frameworks */,
				8D7EEF652E2E465000214730 /* Resources */,
			);
			buildRules = (
			);
			dependencies = (
			);
			name = StackOverflow;
			packageProductDependencies = (
			);
			productName = StackOverflow;
			productReference = 8D7EEF672E2E465000214730 /* StackOverflow.app */;
			productType = "com.apple.product-type.application";
		};
		8D7EEF7C2E2E465100214730 /* StackOverflowTests */ = {
			isa = PBXNativeTarget;
			buildConfigurationList = 8D7EEF952E2E465100214730 /* Build configuration list for PBXNativeTarget "StackOverflowTests" */;
			buildPhases = (
				8D7EEF792E2E465100214730 /* Sources */,
				8D7EEF7A2E2E465100214730 /* Frameworks */,
				8D7EEF7B2E2E465100214730 /* Resources */,
			);
			buildRules = (
			);
			dependencies = (
				8D7EEF7F2E2E465100214730 /* PBXTargetDependency */,
			);
			name = StackOverflowTests;
			packageProductDependencies = (
			);
			productName = StackOverflowTests;
			productReference = 8D7EEF7D2E2E465100214730 /* StackOverflowTests.xctest */;
			productType = "com.apple.product-type.bundle.unit-test";
		};
		8D7EEF862E2E465100214730 /* StackOverflowUITests */ = {
			isa = PBXNativeTarget;
			buildConfigurationList = 8D7EEF982E2E465100214730 /* Build configuration list for PBXNativeTarget "StackOverflowUITests" */;
			buildPhases = (
				8D7EEF832E2E465100214730 /* Sources */,
				8D7EEF842E2E465100214730 /* Frameworks */,
				8D7EEF852E2E465100214730 /* Resources */,
			);
			buildRules = (
			);
			dependencies = (
				8D7EEF892E2E465100214730 /* PBXTargetDependency */,
			);
			name = StackOverflowUITests;
			packageProductDependencies = (
			);
			productName = StackOverflowUITests;
			productReference = 8D7EEF872E2E465100214730 /* StackOverflowUITests.xctest */;
			productType = "com.apple.product-type.bundle.ui-testing";
		};
/* End PBXNativeTarget section */

/* Begin PBXProject section */
		8D7EEF5F2E2E465000214730 /* Project object */ = {
			isa = PBXProject;
			attributes = {
				BuildIndependentTargetsInParallel = 1;
				LastSwiftUpdateCheck = 1640;
				LastUpgradeCheck = 1640;
				TargetAttributes = {
					8D7EEF662E2E465000214730 = {
						CreatedOnToolsVersion = 16.4;
					};
					8D7EEF7C2E2E465100214730 = {
						CreatedOnToolsVersion = 16.4;
						TestTargetID = 8D7EEF662E2E465000214730;
					};
					8D7EEF862E2E465100214730 = {
						CreatedOnToolsVersion = 16.4;
						TestTargetID = 8D7EEF662E2E465000214730;
					};
				};
			};
			buildConfigurationList = 8D7EEF622E2E465000214730 /* Build configuration list for PBXProject "StackOverflow" */;
			developmentRegion = en;
			hasScannedForEncodings = 0;
			knownRegions = (
				en,
				Base,
			);
			mainGroup = 8D7EEF5E2E2E465000214730;
			minimizedProjectReferenceProxies = 1;
			preferredProjectObjectVersion = 77;
			productRefGroup = 8D7EEF682E2E465000214730 /* Products */;
			projectDirPath = "";
			projectRoot = "";
			targets = (
				8D7EEF662E2E465000214730 /* StackOverflow */,
				8D7EEF7C2E2E465100214730 /* StackOverflowTests */,
				8D7EEF862E2E465100214730 /* StackOverflowUITests */,
			);
		};
/* End PBXProject section */

/* Begin PBXResourcesBuildPhase section */
		8D7EEF652E2E465000214730 /* Resources */ = {
			isa = PBXResourcesBuildPhase;
			buildActionMask = 2147483647;
			files = (
				8D7EEFA82E2E465800214730 /* Assets.xcassets in Resources */,
				8D7EEFAA2E2E465800214730 /* LaunchScreen.storyboard in Resources */,
				8D7EEFAB2E2E465800214730 /* Main.storyboard in Resources */,
			);
			runOnlyForDeploymentPostprocessing = 0;
		};
		8D7EEF7B2E2E465100214730 /* Resources */ = {
			isa = PBXResourcesBuildPhase;
			buildActionMask = 2147483647;
			files = (
			);
			runOnlyForDeploymentPostprocessing = 0;
		};
		8D7EEF852E2E465100214730 /* Resources */ = {
			isa = PBXResourcesBuildPhase;
			buildActionMask = 2147483647;
			files = (
			);
			runOnlyForDeploymentPostprocessing = 0;
		};
/* End PBXResourcesBuildPhase section */

/* Begin PBXSourcesBuildPhase section */
		8D7EEF632E2E465000214730 /* Sources */ = {
			isa = PBXSourcesBuildPhase;
			buildActionMask = 2147483647;
			files = (
				8D7EEFB82E2E47B000214730 /* UserResponse.swift in Sources */,
				8D7EEFB62E2E477C00214730 /* User.swift in Sources */,
				8D7EEFC22E2E4CE000214730 /* UserApiService.swift in Sources */,
				8D7EEFA52E2E465800214730 /* AppDelegate.swift in Sources */,
				8D7EEFC02E2E4CC700214730 /* UserApiServiceProtocol.swift in Sources */,
				8D7EEFC52E2E4D0200214730 /* Constants.swift in Sources */,
				8D7EEFBD2E2E49D600214730 /* NetworkManager.swift in Sources */,
				8D7EEFA62E2E465800214730 /* SceneDelegate.swift in Sources */,
				8D7EEFBB2E2E49C500214730 /* NetworkManagerProtocol.swift in Sources */,
				8D7EEFA72E2E465800214730 /* ViewController.swift in Sources */,
			);
			runOnlyForDeploymentPostprocessing = 0;
		};
		8D7EEF792E2E465100214730 /* Sources */ = {
			isa = PBXSourcesBuildPhase;
			buildActionMask = 2147483647;
			files = (
				8D7EEFC82E2E4D2F00214730 /* MockUserService.swift in Sources */,
				8D7EEFAE2E2E465C00214730 /* StackOverflowTests.swift in Sources */,
			);
			runOnlyForDeploymentPostprocessing = 0;
		};
		8D7EEF832E2E465100214730 /* Sources */ = {
			isa = PBXSourcesBuildPhase;
			buildActionMask = 2147483647;
			files = (
				8D7EEFB22E2E465F00214730 /* StackOverflowUITests.swift in Sources */,
				8D7EEFB32E2E465F00214730 /* StackOverflowUITestsLaunchTests.swift in Sources */,
			);
			runOnlyForDeploymentPostprocessing = 0;
		};
/* End PBXSourcesBuildPhase section */

/* Begin PBXTargetDependency section */
		8D7EEF7F2E2E465100214730 /* PBXTargetDependency */ = {
			isa = PBXTargetDependency;
			target = 8D7EEF662E2E465000214730 /* StackOverflow */;
			targetProxy = 8D7EEF7E2E2E465100214730 /* PBXContainerItemProxy */;
		};
		8D7EEF892E2E465100214730 /* PBXTargetDependency */ = {
			isa = PBXTargetDependency;
			target = 8D7EEF662E2E465000214730 /* StackOverflow */;
			targetProxy = 8D7EEF882E2E465100214730 /* PBXContainerItemProxy */;
		};
/* End PBXTargetDependency section */

/* Begin PBXVariantGroup section */
		8D7EEF9F2E2E465800214730 /* LaunchScreen.storyboard */ = {
			isa = PBXVariantGroup;
			children = (
				8D7EEF9E2E2E465800214730 /* Base */,
			);
			name = LaunchScreen.storyboard;
			sourceTree = "<group>";
		};
		8D7EEFA12E2E465800214730 /* Main.storyboard */ = {
			isa = PBXVariantGroup;
			children = (
				8D7EEFA02E2E465800214730 /* Base */,
			);
			name = Main.storyboard;
			sourceTree = "<group>";
		};
/* End PBXVariantGroup section */

/* Begin XCBuildConfiguration section */
		8D7EEF912E2E465100214730 /* Debug */ = {
			isa = XCBuildConfiguration;
			buildSettings = {
				ASSETCATALOG_COMPILER_APPICON_NAME = AppIcon;
				ASSETCATALOG_COMPILER_GLOBAL_ACCENT_COLOR_NAME = AccentColor;
				CODE_SIGN_STYLE = Automatic;
				CURRENT_PROJECT_VERSION = 1;
				DEVELOPMENT_TEAM = PRN8ZJV8VU;
				GENERATE_INFOPLIST_FILE = YES;
				INFOPLIST_FILE = StackOverflow/Info.plist;
				INFOPLIST_KEY_UIApplicationSupportsIndirectInputEvents = YES;
				INFOPLIST_KEY_UILaunchStoryboardName = LaunchScreen;
				INFOPLIST_KEY_UIMainStoryboardFile = Main;
				INFOPLIST_KEY_UISupportedInterfaceOrientations_iPad = "UIInterfaceOrientationPortrait UIInterfaceOrientationPortraitUpsideDown UIInterfaceOrientationLandscapeLeft UIInterfaceOrientationLandscapeRight";
				INFOPLIST_KEY_UISupportedInterfaceOrientations_iPhone = "UIInterfaceOrientationPortrait UIInterfaceOrientationLandscapeLeft UIInterfaceOrientationLandscapeRight";
				LD_RUNPATH_SEARCH_PATHS = (
					"$(inherited)",
					"@executable_path/Frameworks",
				);
				MARKETING_VERSION = 1.0;
				PRODUCT_BUNDLE_IDENTIFIER = com.binshad.StackOverflow;
				PRODUCT_NAME = "$(TARGET_NAME)";
				SWIFT_EMIT_LOC_STRINGS = YES;
				SWIFT_VERSION = 5.0;
				TARGETED_DEVICE_FAMILY = "1,2";
			};
			name = Debug;
		};
		8D7EEF922E2E465100214730 /* Release */ = {
			isa = XCBuildConfiguration;
			buildSettings = {
				ASSETCATALOG_COMPILER_APPICON_NAME = AppIcon;
				ASSETCATALOG_COMPILER_GLOBAL_ACCENT_COLOR_NAME = AccentColor;
				CODE_SIGN_STYLE = Automatic;
				CURRENT_PROJECT_VERSION = 1;
				DEVELOPMENT_TEAM = PRN8ZJV8VU;
				GENERATE_INFOPLIST_FILE = YES;
				INFOPLIST_FILE = StackOverflow/Info.plist;
				INFOPLIST_KEY_UIApplicationSupportsIndirectInputEvents = YES;
				INFOPLIST_KEY_UILaunchStoryboardName = LaunchScreen;
				INFOPLIST_KEY_UIMainStoryboardFile = Main;
				INFOPLIST_KEY_UISupportedInterfaceOrientations_iPad = "UIInterfaceOrientationPortrait UIInterfaceOrientationPortraitUpsideDown UIInterfaceOrientationLandscapeLeft UIInterfaceOrientationLandscapeRight";
				INFOPLIST_KEY_UISupportedInterfaceOrientations_iPhone = "UIInterfaceOrientationPortrait UIInterfaceOrientationLandscapeLeft UIInterfaceOrientationLandscapeRight";
				LD_RUNPATH_SEARCH_PATHS = (
					"$(inherited)",
					"@executable_path/Frameworks",
				);
				MARKETING_VERSION = 1.0;
				PRODUCT_BUNDLE_IDENTIFIER = com.binshad.StackOverflow;
				PRODUCT_NAME = "$(TARGET_NAME)";
				SWIFT_EMIT_LOC_STRINGS = YES;
				SWIFT_VERSION = 5.0;
				TARGETED_DEVICE_FAMILY = "1,2";
			};
			name = Release;
		};
		8D7EEF932E2E465100214730 /* Debug */ = {
			isa = XCBuildConfiguration;
			buildSettings = {
				ALWAYS_SEARCH_USER_PATHS = NO;
				ASSETCATALOG_COMPILER_GENERATE_SWIFT_ASSET_SYMBOL_EXTENSIONS = YES;
				CLANG_ANALYZER_NONNULL = YES;
				CLANG_ANALYZER_NUMBER_OBJECT_CONVERSION = YES_AGGRESSIVE;
				CLANG_CXX_LANGUAGE_STANDARD = "gnu++20";
				CLANG_ENABLE_MODULES = YES;
				CLANG_ENABLE_OBJC_ARC = YES;
				CLANG_ENABLE_OBJC_WEAK = YES;
				CLANG_WARN_BLOCK_CAPTURE_AUTORELEASING = YES;
				CLANG_WARN_BOOL_CONVERSION = YES;
				CLANG_WARN_COMMA = YES;
				CLANG_WARN_CONSTANT_CONVERSION = YES;
				CLANG_WARN_DEPRECATED_OBJC_IMPLEMENTATIONS = YES;
				CLANG_WARN_DIRECT_OBJC_ISA_USAGE = YES_ERROR;
				CLANG_WARN_DOCUMENTATION_COMMENTS = YES;
				CLANG_WARN_EMPTY_BODY = YES;
				CLANG_WARN_ENUM_CONVERSION = YES;
				CLANG_WARN_INFINITE_RECURSION = YES;
				CLANG_WARN_INT_CONVERSION = YES;
				CLANG_WARN_NON_LITERAL_NULL_CONVERSION = YES;
				CLANG_WARN_OBJC_IMPLICIT_RETAIN_SELF = YES;
				CLANG_WARN_OBJC_LITERAL_CONVERSION = YES;
				CLANG_WARN_OBJC_ROOT_CLASS = YES_ERROR;
				CLANG_WARN_QUOTED_INCLUDE_IN_FRAMEWORK_HEADER = YES;
				CLANG_WARN_RANGE_LOOP_ANALYSIS = YES;
				CLANG_WARN_STRICT_PROTOTYPES = YES;
				CLANG_WARN_SUSPICIOUS_MOVE = YES;
				CLANG_WARN_UNGUARDED_AVAILABILITY = YES_AGGRESSIVE;
				CLANG_WARN_UNREACHABLE_CODE = YES;
				CLANG_WARN__DUPLICATE_METHOD_MATCH = YES;
				COPY_PHASE_STRIP = NO;
				DEBUG_INFORMATION_FORMAT = dwarf;
				DEVELOPMENT_TEAM = PRN8ZJV8VU;
				ENABLE_STRICT_OBJC_MSGSEND = YES;
				ENABLE_TESTABILITY = YES;
				ENABLE_USER_SCRIPT_SANDBOXING = YES;
				GCC_C_LANGUAGE_STANDARD = gnu17;
				GCC_DYNAMIC_NO_PIC = NO;
				GCC_NO_COMMON_BLOCKS = YES;
				GCC_OPTIMIZATION_LEVEL = 0;
				GCC_PREPROCESSOR_DEFINITIONS = (
					"DEBUG=1",
					"$(inherited)",
				);
				GCC_WARN_64_TO_32_BIT_CONVERSION = YES;
				GCC_WARN_ABOUT_RETURN_TYPE = YES_ERROR;
				GCC_WARN_UNDECLARED_SELECTOR = YES;
				GCC_WARN_UNINITIALIZED_AUTOS = YES_AGGRESSIVE;
				GCC_WARN_UNUSED_FUNCTION = YES;
				GCC_WARN_UNUSED_VARIABLE = YES;
				IPHONEOS_DEPLOYMENT_TARGET = 18.5;
				LOCALIZATION_PREFERS_STRING_CATALOGS = YES;
				MTL_ENABLE_DEBUG_INFO = INCLUDE_SOURCE;
				MTL_FAST_MATH = YES;
				ONLY_ACTIVE_ARCH = YES;
				SDKROOT = iphoneos;
				SWIFT_ACTIVE_COMPILATION_CONDITIONS = "DEBUG $(inherited)";
				SWIFT_OPTIMIZATION_LEVEL = "-Onone";
			};
			name = Debug;
		};
		8D7EEF942E2E465100214730 /* Release */ = {
			isa = XCBuildConfiguration;
			buildSettings = {
				ALWAYS_SEARCH_USER_PATHS = NO;
				ASSETCATALOG_COMPILER_GENERATE_SWIFT_ASSET_SYMBOL_EXTENSIONS = YES;
				CLANG_ANALYZER_NONNULL = YES;
				CLANG_ANALYZER_NUMBER_OBJECT_CONVERSION = YES_AGGRESSIVE;
				CLANG_CXX_LANGUAGE_STANDARD = "gnu++20";
				CLANG_ENABLE_MODULES = YES;
				CLANG_ENABLE_OBJC_ARC = YES;
				CLANG_ENABLE_OBJC_WEAK = YES;
				CLANG_WARN_BLOCK_CAPTURE_AUTORELEASING = YES;
				CLANG_WARN_BOOL_CONVERSION = YES;
				CLANG_WARN_COMMA = YES;
				CLANG_WARN_CONSTANT_CONVERSION = YES;
				CLANG_WARN_DEPRECATED_OBJC_IMPLEMENTATIONS = YES;
				CLANG_WARN_DIRECT_OBJC_ISA_USAGE = YES_ERROR;
				CLANG_WARN_DOCUMENTATION_COMMENTS = YES;
				CLANG_WARN_EMPTY_BODY = YES;
				CLANG_WARN_ENUM_CONVERSION = YES;
				CLANG_WARN_INFINITE_RECURSION = YES;
				CLANG_WARN_INT_CONVERSION = YES;
				CLANG_WARN_NON_LITERAL_NULL_CONVERSION = YES;
				CLANG_WARN_OBJC_IMPLICIT_RETAIN_SELF = YES;
				CLANG_WARN_OBJC_LITERAL_CONVERSION = YES;
				CLANG_WARN_OBJC_ROOT_CLASS = YES_ERROR;
				CLANG_WARN_QUOTED_INCLUDE_IN_FRAMEWORK_HEADER = YES;
				CLANG_WARN_RANGE_LOOP_ANALYSIS = YES;
				CLANG_WARN_STRICT_PROTOTYPES = YES;
				CLANG_WARN_SUSPICIOUS_MOVE = YES;
				CLANG_WARN_UNGUARDED_AVAILABILITY = YES_AGGRESSIVE;
				CLANG_WARN_UNREACHABLE_CODE = YES;
				CLANG_WARN__DUPLICATE_METHOD_MATCH = YES;
				COPY_PHASE_STRIP = NO;
				DEBUG_INFORMATION_FORMAT = "dwarf-with-dsym";
				DEVELOPMENT_TEAM = PRN8ZJV8VU;
				ENABLE_NS_ASSERTIONS = NO;
				ENABLE_STRICT_OBJC_MSGSEND = YES;
				ENABLE_USER_SCRIPT_SANDBOXING = YES;
				GCC_C_LANGUAGE_STANDARD = gnu17;
				GCC_NO_COMMON_BLOCKS = YES;
				GCC_WARN_64_TO_32_BIT_CONVERSION = YES;
				GCC_WARN_ABOUT_RETURN_TYPE = YES_ERROR;
				GCC_WARN_UNDECLARED_SELECTOR = YES;
				GCC_WARN_UNINITIALIZED_AUTOS = YES_AGGRESSIVE;
				GCC_WARN_UNUSED_FUNCTION = YES;
				GCC_WARN_UNUSED_VARIABLE = YES;
				IPHONEOS_DEPLOYMENT_TARGET = 18.5;
				LOCALIZATION_PREFERS_STRING_CATALOGS = YES;
				MTL_ENABLE_DEBUG_INFO = NO;
				MTL_FAST_MATH = YES;
				SDKROOT = iphoneos;
				SWIFT_COMPILATION_MODE = wholemodule;
				VALIDATE_PRODUCT = YES;
			};
			name = Release;
		};
		8D7EEF962E2E465100214730 /* Debug */ = {
			isa = XCBuildConfiguration;
			buildSettings = {
				BUNDLE_LOADER = "$(TEST_HOST)";
				CODE_SIGN_STYLE = Automatic;
				CURRENT_PROJECT_VERSION = 1;
				DEVELOPMENT_TEAM = PRN8ZJV8VU;
				GENERATE_INFOPLIST_FILE = YES;
				IPHONEOS_DEPLOYMENT_TARGET = 18.5;
				MARKETING_VERSION = 1.0;
				PRODUCT_BUNDLE_IDENTIFIER = com.binshad.StackOverflowTests;
				PRODUCT_NAME = "$(TARGET_NAME)";
				SWIFT_EMIT_LOC_STRINGS = NO;
				SWIFT_VERSION = 5.0;
				TARGETED_DEVICE_FAMILY = "1,2";
				TEST_HOST = "$(BUILT_PRODUCTS_DIR)/StackOverflow.app/$(BUNDLE_EXECUTABLE_FOLDER_PATH)/StackOverflow";
			};
			name = Debug;
		};
		8D7EEF972E2E465100214730 /* Release */ = {
			isa = XCBuildConfiguration;
			buildSettings = {
				BUNDLE_LOADER = "$(TEST_HOST)";
				CODE_SIGN_STYLE = Automatic;
				CURRENT_PROJECT_VERSION = 1;
				DEVELOPMENT_TEAM = PRN8ZJV8VU;
				GENERATE_INFOPLIST_FILE = YES;
				IPHONEOS_DEPLOYMENT_TARGET = 18.5;
				MARKETING_VERSION = 1.0;
				PRODUCT_BUNDLE_IDENTIFIER = com.binshad.StackOverflowTests;
				PRODUCT_NAME = "$(TARGET_NAME)";
				SWIFT_EMIT_LOC_STRINGS = NO;
				SWIFT_VERSION = 5.0;
				TARGETED_DEVICE_FAMILY = "1,2";
				TEST_HOST = "$(BUILT_PRODUCTS_DIR)/StackOverflow.app/$(BUNDLE_EXECUTABLE_FOLDER_PATH)/StackOverflow";
			};
			name = Release;
		};
		8D7EEF992E2E465100214730 /* Debug */ = {
			isa = XCBuildConfiguration;
			buildSettings = {
				CODE_SIGN_STYLE = Automatic;
				CURRENT_PROJECT_VERSION = 1;
				DEVELOPMENT_TEAM = PRN8ZJV8VU;
				GENERATE_INFOPLIST_FILE = YES;
				MARKETING_VERSION = 1.0;
				PRODUCT_BUNDLE_IDENTIFIER = com.binshad.StackOverflowUITests;
				PRODUCT_NAME = "$(TARGET_NAME)";
				SWIFT_EMIT_LOC_STRINGS = NO;
				SWIFT_VERSION = 5.0;
				TARGETED_DEVICE_FAMILY = "1,2";
				TEST_TARGET_NAME = StackOverflow;
			};
			name = Debug;
		};
		8D7EEF9A2E2E465100214730 /* Release */ = {
			isa = XCBuildConfiguration;
			buildSettings = {
				CODE_SIGN_STYLE = Automatic;
				CURRENT_PROJECT_VERSION = 1;
				DEVELOPMENT_TEAM = PRN8ZJV8VU;
				GENERATE_INFOPLIST_FILE = YES;
				MARKETING_VERSION = 1.0;
				PRODUCT_BUNDLE_IDENTIFIER = com.binshad.StackOverflowUITests;
				PRODUCT_NAME = "$(TARGET_NAME)";
				SWIFT_EMIT_LOC_STRINGS = NO;
				SWIFT_VERSION = 5.0;
				TARGETED_DEVICE_FAMILY = "1,2";
				TEST_TARGET_NAME = StackOverflow;
			};
			name = Release;
		};
/* End XCBuildConfiguration section */

/* Begin XCConfigurationList section */
		8D7EEF622E2E465000214730 /* Build configuration list for PBXProject "StackOverflow" */ = {
			isa = XCConfigurationList;
			buildConfigurations = (
				8D7EEF932E2E465100214730 /* Debug */,
				8D7EEF942E2E465100214730 /* Release */,
			);
			defaultConfigurationIsVisible = 0;
			defaultConfigurationName = Release;
		};
		8D7EEF902E2E465100214730 /* Build configuration list for PBXNativeTarget "StackOverflow" */ = {
			isa = XCConfigurationList;
			buildConfigurations = (
				8D7EEF912E2E465100214730 /* Debug */,
				8D7EEF922E2E465100214730 /* Release */,
			);
			defaultConfigurationIsVisible = 0;
			defaultConfigurationName = Release;
		};
		8D7EEF952E2E465100214730 /* Build configuration list for PBXNativeTarget "StackOverflowTests" */ = {
			isa = XCConfigurationList;
			buildConfigurations = (
				8D7EEF962E2E465100214730 /* Debug */,
				8D7EEF972E2E465100214730 /* Release */,
			);
			defaultConfigurationIsVisible = 0;
			defaultConfigurationName = Release;
		};
		8D7EEF982E2E465100214730 /* Build configuration list for PBXNativeTarget "StackOverflowUITests" */ = {
			isa = XCConfigurationList;
			buildConfigurations = (
				8D7EEF992E2E465100214730 /* Debug */,
				8D7EEF9A2E2E465100214730 /* Release */,
			);
			defaultConfigurationIsVisible = 0;
			defaultConfigurationName = Release;
		};
/* End XCConfigurationList section */
	};
	rootObject = 8D7EEF5F2E2E465000214730 /* Project object */;
}
